
Microsoft Visual Studio Solution File, Format Version 12.00
# Visual Studio 15
VisualStudioVersion = 15.0.28307.329
MinimumVisualStudioVersion = 10.0.40219.1
Project("{FAE04EC0-301F-11D3-BF4B-00C04F79EFBC}") = "SIGIST_Automation.NET", "SIGIST_Automation.NET\SIGIST_Automation.NET.csproj", "{334E2F42-FD10-4BE3-86BB-925E06C9986E}"
EndProject
Global
	GlobalSection(SolutionConfigurationPlatforms) = preSolution
		Debug|Any CPU = Debug|Any CPU
		Release|Any CPU = Release|Any CPU
	EndGlobalSection
	GlobalSection(ProjectConfigurationPlatforms) = postSolution
		{334E2F42-FD10-4BE3-86BB-925E06C9986E}.Debug|Any CPU.ActiveCfg = Debug|Any CPU
		{334E2F42-FD10-4BE3-86BB-925E06C9986E}.Debug|Any CPU.Build.0 = Debug|Any CPU
		{334E2F42-FD10-4BE3-86BB-925E06C9986E}.Release|Any CPU.ActiveCfg = Release|Any CPU
		{334E2F42-FD10-4BE3-86BB-925E06C9986E}.Release|Any CPU.Build.0 = Release|Any CPU
	EndGlobalSection
	GlobalSection(SolutionProperties) = preSolution
		HideSolutionNode = FALSE
	EndGlobalSection
	GlobalSection(ExtensibilityGlobals) = postSolution
		SolutionGuid = {01453B05-C4B9-4E50-85D0-BEB378105B22}
	EndGlobalSection
EndGlobal
